
Microsoft Visual Studio Solution File, Format Version 12.00
# Visual Studio Version 17
VisualStudioVersion = 17.5.33516.290
MinimumVisualStudioVersion = 10.0.40219.1
Project("{FAE04EC0-301F-11D3-BF4B-00C04F79EFBC}") = "FuteCartas", "FuteCartas\FuteCartas.csproj", "{31C24201-2929-4C22-BEB2-389B64627822}"
EndProject
Global
	GlobalSection(SolutionConfigurationPlatforms) = preSolution
		Debug|Any CPU = Debug|Any CPU
		Release|Any CPU = Release|Any CPU
	EndGlobalSection
	GlobalSection(ProjectConfigurationPlatforms) = postSolution
		{31C24201-2929-4C22-BEB2-389B64627822}.Debug|Any CPU.ActiveCfg = Debug|Any CPU
		{31C24201-2929-4C22-BEB2-389B64627822}.Debug|Any CPU.Build.0 = Debug|Any CPU
		{31C24201-2929-4C22-BEB2-389B64627822}.Release|Any CPU.ActiveCfg = Release|Any CPU
		{31C24201-2929-4C22-BEB2-389B64627822}.Release|Any CPU.Build.0 = Release|Any CPU
	EndGlobalSection
	GlobalSection(SolutionProperties) = preSolution
		HideSolutionNode = FALSE
	EndGlobalSection
	GlobalSection(ExtensibilityGlobals) = postSolution
		SolutionGuid = {C76B2A84-FE6E-4DDE-AD7F-660AC9D7C320}
	EndGlobalSection
EndGlobal
